
Microsoft Visual Studio Solution File, Format Version 12.00
# Visual Studio Version 16
VisualStudioVersion = 16.0.29519.87
MinimumVisualStudioVersion = 10.0.40219.1
Project("{FAE04EC0-301F-11D3-BF4B-00C04F79EFBC}") = "Cadastro10Pessoas", "Cadastro10Pessoas\Cadastro10Pessoas.csproj", "{8BE9CF11-E3EB-4F66-A6E4-4097F5EFEB43}"
EndProject
Global
	GlobalSection(SolutionConfigurationPlatforms) = preSolution
		Debug|Any CPU = Debug|Any CPU
		Release|Any CPU = Release|Any CPU
	EndGlobalSection
	GlobalSection(ProjectConfigurationPlatforms) = postSolution
		{8BE9CF11-E3EB-4F66-A6E4-4097F5EFEB43}.Debug|Any CPU.ActiveCfg = Debug|Any CPU
		{8BE9CF11-E3EB-4F66-A6E4-4097F5EFEB43}.Debug|Any CPU.Build.0 = Debug|Any CPU
		{8BE9CF11-E3EB-4F66-A6E4-4097F5EFEB43}.Release|Any CPU.ActiveCfg = Release|Any CPU
		{8BE9CF11-E3EB-4F66-A6E4-4097F5EFEB43}.Release|Any CPU.Build.0 = Release|Any CPU
	EndGlobalSection
	GlobalSection(SolutionProperties) = preSolution
		HideSolutionNode = FALSE
	EndGlobalSection
	GlobalSection(ExtensibilityGlobals) = postSolution
		SolutionGuid = {451EF7ED-8D9C-430C-88C7-11A186A2BFB4}
	EndGlobalSection
EndGlobal
